// !$*UTF8*$!
{
	archiveVersion = 1;
	classes = {
	};
	objectVersion = 56;
	objects = {

/* Begin PBXBuildFile section */
		166978142AD95C5200A6E428 /* PokedexApp.swift in Sources */ = {isa = PBXBuildFile; fileRef = 166978132AD95C5200A6E428 /* PokedexApp.swift */; };
		166978162AD95C5200A6E428 /* ContentView.swift in Sources */ = {isa = PBXBuildFile; fileRef = 166978152AD95C5200A6E428 /* ContentView.swift */; };
		166978182AD95C5400A6E428 /* Assets.xcassets in Resources */ = {isa = PBXBuildFile; fileRef = 166978172AD95C5400A6E428 /* Assets.xcassets */; };
		1669781B2AD95C5400A6E428 /* Preview Assets.xcassets in Resources */ = {isa = PBXBuildFile; fileRef = 1669781A2AD95C5400A6E428 /* Preview Assets.xcassets */; };
		166978232AD95CEB00A6E428 /* PokemonStore.swift in Sources */ = {isa = PBXBuildFile; fileRef = 166978222AD95CEB00A6E428 /* PokemonStore.swift */; };
		166978262AD95D4800A6E428 /* Pokemon.swift in Sources */ = {isa = PBXBuildFile; fileRef = 166978252AD95D4800A6E428 /* Pokemon.swift */; };
		166978292AD95DA400A6E428 /* HomePage.swift in Sources */ = {isa = PBXBuildFile; fileRef = 166978282AD95DA400A6E428 /* HomePage.swift */; };
		1669782C2AD95FA700A6E428 /* Pokemon+Extension.swift in Sources */ = {isa = PBXBuildFile; fileRef = 1669782B2AD95FA700A6E428 /* Pokemon+Extension.swift */; };
		1669782E2AD9600000A6E428 /* Array+Extension.swift in Sources */ = {isa = PBXBuildFile; fileRef = 1669782D2AD9600000A6E428 /* Array+Extension.swift */; };
		166978302AD963F200A6E428 /* PokeError.swift in Sources */ = {isa = PBXBuildFile; fileRef = 1669782F2AD963F200A6E428 /* PokeError.swift */; };
		166978332AD966BA00A6E428 /* PokemonResponse.swift in Sources */ = {isa = PBXBuildFile; fileRef = 166978322AD966BA00A6E428 /* PokemonResponse.swift */; };
		166978362AD9696E00A6E428 /* Pokemon+Mapper.swift in Sources */ = {isa = PBXBuildFile; fileRef = 166978352AD9696E00A6E428 /* Pokemon+Mapper.swift */; };
		166978382AD96B7200A6E428 /* PokemonDetailPage.swift in Sources */ = {isa = PBXBuildFile; fileRef = 166978372AD96B7200A6E428 /* PokemonDetailPage.swift */; };
		1669783A2AD96EDE00A6E428 /* PokemonDetailStore.swift in Sources */ = {isa = PBXBuildFile; fileRef = 166978392AD96EDE00A6E428 /* PokemonDetailStore.swift */; };
		1669783C2AD9702F00A6E428 /* PokemonDetail.swift in Sources */ = {isa = PBXBuildFile; fileRef = 1669783B2AD9702F00A6E428 /* PokemonDetail.swift */; };
		C8ACFD232B21EA4D00C60D53 /* AbilityEntity.swift in Sources */ = {isa = PBXBuildFile; fileRef = C8ACFD222B21EA4D00C60D53 /* AbilityEntity.swift */; };
		C8ACFD252B21EA7000C60D53 /* TypeEntity.swift in Sources */ = {isa = PBXBuildFile; fileRef = C8ACFD242B21EA7000C60D53 /* TypeEntity.swift */; };
		C8ACFD272B21EC9B00C60D53 /* Ability.swift in Sources */ = {isa = PBXBuildFile; fileRef = C8ACFD262B21EC9B00C60D53 /* Ability.swift */; };
		C8ACFD292B21ECFC00C60D53 /* PokemonType.swift in Sources */ = {isa = PBXBuildFile; fileRef = C8ACFD282B21ECFC00C60D53 /* PokemonType.swift */; };
		C8ACFD2B2B21EE2500C60D53 /* DetailMapper.swift in Sources */ = {isa = PBXBuildFile; fileRef = C8ACFD2A2B21EE2500C60D53 /* DetailMapper.swift */; };
		C8ACFD2D2B22733200C60D53 /* FavoritesStore.swift in Sources */ = {isa = PBXBuildFile; fileRef = C8ACFD2C2B22733200C60D53 /* FavoritesStore.swift */; };
		C8E5190A2B1FAFBE0073FEEB /* Card.swift in Sources */ = {isa = PBXBuildFile; fileRef = C8E519092B1FAFBE0073FEEB /* Card.swift */; };
		C8E5190C2B1FBE0E0073FEEB /* Color.swift in Sources */ = {isa = PBXBuildFile; fileRef = C8E5190B2B1FBE0E0073FEEB /* Color.swift */; };
		C8E5190E2B1FC22D0073FEEB /* idBadge.swift in Sources */ = {isa = PBXBuildFile; fileRef = C8E5190D2B1FC22D0073FEEB /* idBadge.swift */; };
		C8E519112B1FD7450073FEEB /* LikedPage.swift in Sources */ = {isa = PBXBuildFile; fileRef = C8E519102B1FD7450073FEEB /* LikedPage.swift */; };
		C8EE441E2B2306330082E4C0 /* TypeBadge.swift in Sources */ = {isa = PBXBuildFile; fileRef = C8EE441D2B2306330082E4C0 /* TypeBadge.swift */; };
		C8F221042B23B68400DF6E0E /* Splashscreen.swift in Sources */ = {isa = PBXBuildFile; fileRef = C8F221032B23B68400DF6E0E /* Splashscreen.swift */; };
		C8F221062B24A73700DF6E0E /* Localizable.xcstrings in Resources */ = {isa = PBXBuildFile; fileRef = C8F221052B24A73700DF6E0E /* Localizable.xcstrings */; };
		C8F221082B24B2DD00DF6E0E /* LocalizationExtension.swift in Sources */ = {isa = PBXBuildFile; fileRef = C8F221072B24B2DD00DF6E0E /* LocalizationExtension.swift */; };
		C8F2210A2B24B5E100DF6E0E /* LanguageManager.swift in Sources */ = {isa = PBXBuildFile; fileRef = C8F221092B24B5E100DF6E0E /* LanguageManager.swift */; };
		C8F2210C2B24B63200DF6E0E /* LanguageToggleButton.swift in Sources */ = {isa = PBXBuildFile; fileRef = C8F2210B2B24B63200DF6E0E /* LanguageToggleButton.swift */; };
		C8F2210E2B24CB6F00DF6E0E /* SearchBar.swift in Sources */ = {isa = PBXBuildFile; fileRef = C8F2210D2B24CB6F00DF6E0E /* SearchBar.swift */; };
		C8F43B052B21B6F7000E2AD1 /* DetailResponseEntity.swift in Sources */ = {isa = PBXBuildFile; fileRef = C8F43B042B21B6F7000E2AD1 /* DetailResponseEntity.swift */; };
/* End PBXBuildFile section */

/* Begin PBXFileReference section */
		166978102AD95C5200A6E428 /* PokedexApp721447.app */ = {isa = PBXFileReference; explicitFileType = wrapper.application; includeInIndex = 0; path = PokedexApp721447.app; sourceTree = BUILT_PRODUCTS_DIR; };
		166978132AD95C5200A6E428 /* PokedexApp.swift */ = {isa = PBXFileReference; lastKnownFileType = sourcecode.swift; path = PokedexApp.swift; sourceTree = "<group>"; };
		166978152AD95C5200A6E428 /* ContentView.swift */ = {isa = PBXFileReference; lastKnownFileType = sourcecode.swift; path = ContentView.swift; sourceTree = "<group>"; };
		166978172AD95C5400A6E428 /* Assets.xcassets */ = {isa = PBXFileReference; lastKnownFileType = folder.assetcatalog; path = Assets.xcassets; sourceTree = "<group>"; };
		1669781A2AD95C5400A6E428 /* Preview Assets.xcassets */ = {isa = PBXFileReference; lastKnownFileType = folder.assetcatalog; path = "Preview Assets.xcassets"; sourceTree = "<group>"; };
		166978222AD95CEB00A6E428 /* PokemonStore.swift */ = {isa = PBXFileReference; lastKnownFileType = sourcecode.swift; path = PokemonStore.swift; sourceTree = "<group>"; };
		166978252AD95D4800A6E428 /* Pokemon.swift */ = {isa = PBXFileReference; lastKnownFileType = sourcecode.swift; path = Pokemon.swift; sourceTree = "<group>"; };
		166978282AD95DA400A6E428 /* HomePage.swift */ = {isa = PBXFileReference; lastKnownFileType = sourcecode.swift; path = HomePage.swift; sourceTree = "<group>"; };
		1669782B2AD95FA700A6E428 /* Pokemon+Extension.swift */ = {isa = PBXFileReference; lastKnownFileType = sourcecode.swift; path = "Pokemon+Extension.swift"; sourceTree = "<group>"; };
		1669782D2AD9600000A6E428 /* Array+Extension.swift */ = {isa = PBXFileReference; lastKnownFileType = sourcecode.swift; path = "Array+Extension.swift"; sourceTree = "<group>"; };
		1669782F2AD963F200A6E428 /* PokeError.swift */ = {isa = PBXFileReference; lastKnownFileType = sourcecode.swift; path = PokeError.swift; sourceTree = "<group>"; };
		166978322AD966BA00A6E428 /* PokemonResponse.swift */ = {isa = PBXFileReference; lastKnownFileType = sourcecode.swift; path = PokemonResponse.swift; sourceTree = "<group>"; };
		166978352AD9696E00A6E428 /* Pokemon+Mapper.swift */ = {isa = PBXFileReference; lastKnownFileType = sourcecode.swift; path = "Pokemon+Mapper.swift"; sourceTree = "<group>"; };
		166978372AD96B7200A6E428 /* PokemonDetailPage.swift */ = {isa = PBXFileReference; lastKnownFileType = sourcecode.swift; path = PokemonDetailPage.swift; sourceTree = "<group>"; };
		166978392AD96EDE00A6E428 /* PokemonDetailStore.swift */ = {isa = PBXFileReference; lastKnownFileType = sourcecode.swift; path = PokemonDetailStore.swift; sourceTree = "<group>"; };
		1669783B2AD9702F00A6E428 /* PokemonDetail.swift */ = {isa = PBXFileReference; lastKnownFileType = sourcecode.swift; path = PokemonDetail.swift; sourceTree = "<group>"; };
		C8ACFD222B21EA4D00C60D53 /* AbilityEntity.swift */ = {isa = PBXFileReference; lastKnownFileType = sourcecode.swift; path = AbilityEntity.swift; sourceTree = "<group>"; };
		C8ACFD242B21EA7000C60D53 /* TypeEntity.swift */ = {isa = PBXFileReference; lastKnownFileType = sourcecode.swift; path = TypeEntity.swift; sourceTree = "<group>"; };
		C8ACFD262B21EC9B00C60D53 /* Ability.swift */ = {isa = PBXFileReference; lastKnownFileType = sourcecode.swift; path = Ability.swift; sourceTree = "<group>"; };
		C8ACFD282B21ECFC00C60D53 /* PokemonType.swift */ = {isa = PBXFileReference; lastKnownFileType = sourcecode.swift; path = PokemonType.swift; sourceTree = "<group>"; };
		C8ACFD2A2B21EE2500C60D53 /* DetailMapper.swift */ = {isa = PBXFileReference; lastKnownFileType = sourcecode.swift; path = DetailMapper.swift; sourceTree = "<group>"; };
		C8ACFD2C2B22733200C60D53 /* FavoritesStore.swift */ = {isa = PBXFileReference; lastKnownFileType = sourcecode.swift; path = FavoritesStore.swift; sourceTree = "<group>"; };
		C8E519092B1FAFBE0073FEEB /* Card.swift */ = {isa = PBXFileReference; lastKnownFileType = sourcecode.swift; path = Card.swift; sourceTree = "<group>"; };
		C8E5190B2B1FBE0E0073FEEB /* Color.swift */ = {isa = PBXFileReference; lastKnownFileType = sourcecode.swift; path = Color.swift; sourceTree = "<group>"; };
		C8E5190D2B1FC22D0073FEEB /* idBadge.swift */ = {isa = PBXFileReference; lastKnownFileType = sourcecode.swift; path = idBadge.swift; sourceTree = "<group>"; };
		C8E519102B1FD7450073FEEB /* LikedPage.swift */ = {isa = PBXFileReference; lastKnownFileType = sourcecode.swift; path = LikedPage.swift; sourceTree = "<group>"; };
		C8EE441D2B2306330082E4C0 /* TypeBadge.swift */ = {isa = PBXFileReference; lastKnownFileType = sourcecode.swift; path = TypeBadge.swift; sourceTree = "<group>"; };
		C8F221032B23B68400DF6E0E /* Splashscreen.swift */ = {isa = PBXFileReference; lastKnownFileType = sourcecode.swift; path = Splashscreen.swift; sourceTree = "<group>"; };
		C8F221052B24A73700DF6E0E /* Localizable.xcstrings */ = {isa = PBXFileReference; lastKnownFileType = text.json.xcstrings; path = Localizable.xcstrings; sourceTree = "<group>"; };
		C8F221072B24B2DD00DF6E0E /* LocalizationExtension.swift */ = {isa = PBXFileReference; lastKnownFileType = sourcecode.swift; path = LocalizationExtension.swift; sourceTree = "<group>"; };
		C8F221092B24B5E100DF6E0E /* LanguageManager.swift */ = {isa = PBXFileReference; lastKnownFileType = sourcecode.swift; path = LanguageManager.swift; sourceTree = "<group>"; };
		C8F2210B2B24B63200DF6E0E /* LanguageToggleButton.swift */ = {isa = PBXFileReference; lastKnownFileType = sourcecode.swift; path = LanguageToggleButton.swift; sourceTree = "<group>"; };
		C8F2210D2B24CB6F00DF6E0E /* SearchBar.swift */ = {isa = PBXFileReference; lastKnownFileType = sourcecode.swift; path = SearchBar.swift; sourceTree = "<group>"; };
		C8F43B042B21B6F7000E2AD1 /* DetailResponseEntity.swift */ = {isa = PBXFileReference; lastKnownFileType = sourcecode.swift; path = DetailResponseEntity.swift; sourceTree = "<group>"; };
/* End PBXFileReference section */

/* Begin PBXFrameworksBuildPhase section */
		1669780D2AD95C5200A6E428 /* Frameworks */ = {
			isa = PBXFrameworksBuildPhase;
			buildActionMask = 2147483647;
			files = (
			);
			runOnlyForDeploymentPostprocessing = 0;
		};
/* End PBXFrameworksBuildPhase section */

/* Begin PBXGroup section */
		166978072AD95C5200A6E428 = {
			isa = PBXGroup;
			children = (
				C8F221052B24A73700DF6E0E /* Localizable.xcstrings */,
				166978122AD95C5200A6E428 /* Pokedex */,
				166978112AD95C5200A6E428 /* Products */,
			);
			sourceTree = "<group>";
		};
		166978112AD95C5200A6E428 /* Products */ = {
			isa = PBXGroup;
			children = (
				166978102AD95C5200A6E428 /* PokedexApp721447.app */,
			);
			name = Products;
			sourceTree = "<group>";
		};
		166978122AD95C5200A6E428 /* Pokedex */ = {
			isa = PBXGroup;
			children = (
				C8E519082B1FAF960073FEEB /* Components */,
				166978342AD9695F00A6E428 /* Mappers */,
				166978312AD966A900A6E428 /* Entities */,
				1669782A2AD95F9000A6E428 /* Extensions */,
				166978272AD95D8B00A6E428 /* Pages */,
				166978242AD95D3A00A6E428 /* Models */,
				166978212AD95CC200A6E428 /* Stores */,
				166978132AD95C5200A6E428 /* PokedexApp.swift */,
				166978152AD95C5200A6E428 /* ContentView.swift */,
				166978172AD95C5400A6E428 /* Assets.xcassets */,
				166978192AD95C5400A6E428 /* Preview Content */,
				C8F221092B24B5E100DF6E0E /* LanguageManager.swift */,
			);
			path = Pokedex;
			sourceTree = "<group>";
		};
		166978192AD95C5400A6E428 /* Preview Content */ = {
			isa = PBXGroup;
			children = (
				1669781A2AD95C5400A6E428 /* Preview Assets.xcassets */,
			);
			path = "Preview Content";
			sourceTree = "<group>";
		};
		166978212AD95CC200A6E428 /* Stores */ = {
			isa = PBXGroup;
			children = (
				166978222AD95CEB00A6E428 /* PokemonStore.swift */,
				166978392AD96EDE00A6E428 /* PokemonDetailStore.swift */,
				C8ACFD2C2B22733200C60D53 /* FavoritesStore.swift */,
			);
			path = Stores;
			sourceTree = "<group>";
		};
		166978242AD95D3A00A6E428 /* Models */ = {
			isa = PBXGroup;
			children = (
				166978252AD95D4800A6E428 /* Pokemon.swift */,
				1669782F2AD963F200A6E428 /* PokeError.swift */,
				1669783B2AD9702F00A6E428 /* PokemonDetail.swift */,
				C8ACFD262B21EC9B00C60D53 /* Ability.swift */,
				C8ACFD282B21ECFC00C60D53 /* PokemonType.swift */,
			);
			path = Models;
			sourceTree = "<group>";
		};
		166978272AD95D8B00A6E428 /* Pages */ = {
			isa = PBXGroup;
			children = (
				166978282AD95DA400A6E428 /* HomePage.swift */,
				166978372AD96B7200A6E428 /* PokemonDetailPage.swift */,
				C8E519102B1FD7450073FEEB /* LikedPage.swift */,
				C8F221032B23B68400DF6E0E /* Splashscreen.swift */,
			);
			path = Pages;
			sourceTree = "<group>";
		};
		1669782A2AD95F9000A6E428 /* Extensions */ = {
			isa = PBXGroup;
			children = (
				1669782B2AD95FA700A6E428 /* Pokemon+Extension.swift */,
				1669782D2AD9600000A6E428 /* Array+Extension.swift */,
				C8E5190B2B1FBE0E0073FEEB /* Color.swift */,
				C8F221072B24B2DD00DF6E0E /* LocalizationExtension.swift */,
			);
			path = Extensions;
			sourceTree = "<group>";
		};
		166978312AD966A900A6E428 /* Entities */ = {
			isa = PBXGroup;
			children = (
				166978322AD966BA00A6E428 /* PokemonResponse.swift */,
				C8F43B042B21B6F7000E2AD1 /* DetailResponseEntity.swift */,
				C8ACFD222B21EA4D00C60D53 /* AbilityEntity.swift */,
				C8ACFD242B21EA7000C60D53 /* TypeEntity.swift */,
			);
			path = Entities;
			sourceTree = "<group>";
		};
		166978342AD9695F00A6E428 /* Mappers */ = {
			isa = PBXGroup;
			children = (
				166978352AD9696E00A6E428 /* Pokemon+Mapper.swift */,
				C8ACFD2A2B21EE2500C60D53 /* DetailMapper.swift */,
			);
			path = Mappers;
			sourceTree = "<group>";
		};
		C8E519082B1FAF960073FEEB /* Components */ = {
			isa = PBXGroup;
			children = (
				C8E519092B1FAFBE0073FEEB /* Card.swift */,
				C8E5190D2B1FC22D0073FEEB /* idBadge.swift */,
				C8EE441D2B2306330082E4C0 /* TypeBadge.swift */,
				C8F2210B2B24B63200DF6E0E /* LanguageToggleButton.swift */,
				C8F2210D2B24CB6F00DF6E0E /* SearchBar.swift */,
			);
			path = Components;
			sourceTree = "<group>";
		};
/* End PBXGroup section */

/* Begin PBXNativeTarget section */
		1669780F2AD95C5200A6E428 /* PokedexApp721447 */ = {
			isa = PBXNativeTarget;
			buildConfigurationList = 1669781E2AD95C5400A6E428 /* Build configuration list for PBXNativeTarget "PokedexApp721447" */;
			buildPhases = (
				1669780C2AD95C5200A6E428 /* Sources */,
				1669780D2AD95C5200A6E428 /* Frameworks */,
				1669780E2AD95C5200A6E428 /* Resources */,
			);
			buildRules = (
			);
			dependencies = (
			);
			name = PokedexApp721447;
			productName = Pokedex;
			productReference = 166978102AD95C5200A6E428 /* PokedexApp721447.app */;
			productType = "com.apple.product-type.application";
		};
/* End PBXNativeTarget section */

/* Begin PBXProject section */
		166978082AD95C5200A6E428 /* Project object */ = {
			isa = PBXProject;
			attributes = {
				BuildIndependentTargetsInParallel = 1;
				LastSwiftUpdateCheck = 1500;
				LastUpgradeCheck = 1500;
				TargetAttributes = {
					1669780F2AD95C5200A6E428 = {
						CreatedOnToolsVersion = 15.0;
					};
				};
			};
			buildConfigurationList = 1669780B2AD95C5200A6E428 /* Build configuration list for PBXProject "PokedexApp721447" */;
			compatibilityVersion = "Xcode 14.0";
			developmentRegion = en;
			hasScannedForEncodings = 0;
			knownRegions = (
				en,
				Base,
				it,
			);
			mainGroup = 166978072AD95C5200A6E428;
			productRefGroup = 166978112AD95C5200A6E428 /* Products */;
			projectDirPath = "";
			projectRoot = "";
			targets = (
				1669780F2AD95C5200A6E428 /* PokedexApp721447 */,
			);
		};
/* End PBXProject section */

/* Begin PBXResourcesBuildPhase section */
		1669780E2AD95C5200A6E428 /* Resources */ = {
			isa = PBXResourcesBuildPhase;
			buildActionMask = 2147483647;
			files = (
				1669781B2AD95C5400A6E428 /* Preview Assets.xcassets in Resources */,
				166978182AD95C5400A6E428 /* Assets.xcassets in Resources */,
				C8F221062B24A73700DF6E0E /* Localizable.xcstrings in Resources */,
			);
			runOnlyForDeploymentPostprocessing = 0;
		};
/* End PBXResourcesBuildPhase section */

/* Begin PBXSourcesBuildPhase section */
		1669780C2AD95C5200A6E428 /* Sources */ = {
			isa = PBXSourcesBuildPhase;
			buildActionMask = 2147483647;
			files = (
				166978362AD9696E00A6E428 /* Pokemon+Mapper.swift in Sources */,
				166978292AD95DA400A6E428 /* HomePage.swift in Sources */,
				1669782C2AD95FA700A6E428 /* Pokemon+Extension.swift in Sources */,
				C8F221082B24B2DD00DF6E0E /* LocalizationExtension.swift in Sources */,
				166978162AD95C5200A6E428 /* ContentView.swift in Sources */,
				166978382AD96B7200A6E428 /* PokemonDetailPage.swift in Sources */,
				C8ACFD292B21ECFC00C60D53 /* PokemonType.swift in Sources */,
				C8EE441E2B2306330082E4C0 /* TypeBadge.swift in Sources */,
				166978302AD963F200A6E428 /* PokeError.swift in Sources */,
				C8ACFD2B2B21EE2500C60D53 /* DetailMapper.swift in Sources */,
				166978262AD95D4800A6E428 /* Pokemon.swift in Sources */,
				C8F2210C2B24B63200DF6E0E /* LanguageToggleButton.swift in Sources */,
				166978332AD966BA00A6E428 /* PokemonResponse.swift in Sources */,
				C8E5190E2B1FC22D0073FEEB /* idBadge.swift in Sources */,
				C8E519112B1FD7450073FEEB /* LikedPage.swift in Sources */,
				C8ACFD272B21EC9B00C60D53 /* Ability.swift in Sources */,
				C8F2210A2B24B5E100DF6E0E /* LanguageManager.swift in Sources */,
				C8F2210E2B24CB6F00DF6E0E /* SearchBar.swift in Sources */,
				C8E5190C2B1FBE0E0073FEEB /* Color.swift in Sources */,
				C8F43B052B21B6F7000E2AD1 /* DetailResponseEntity.swift in Sources */,
				C8ACFD2D2B22733200C60D53 /* FavoritesStore.swift in Sources */,
				1669783A2AD96EDE00A6E428 /* PokemonDetailStore.swift in Sources */,
				C8ACFD232B21EA4D00C60D53 /* AbilityEntity.swift in Sources */,
				C8E5190A2B1FAFBE0073FEEB /* Card.swift in Sources */,
				1669782E2AD9600000A6E428 /* Array+Extension.swift in Sources */,
				166978232AD95CEB00A6E428 /* PokemonStore.swift in Sources */,
				1669783C2AD9702F00A6E428 /* PokemonDetail.swift in Sources */,
				C8ACFD252B21EA7000C60D53 /* TypeEntity.swift in Sources */,
				C8F221042B23B68400DF6E0E /* Splashscreen.swift in Sources */,
				166978142AD95C5200A6E428 /* PokedexApp.swift in Sources */,
			);
			runOnlyForDeploymentPostprocessing = 0;
		};
/* End PBXSourcesBuildPhase section */

/* Begin XCBuildConfiguration section */
		1669781C2AD95C5400A6E428 /* Debug */ = {
			isa = XCBuildConfiguration;
			buildSettings = {
				ALWAYS_SEARCH_USER_PATHS = NO;
				ASSETCATALOG_COMPILER_GENERATE_SWIFT_ASSET_SYMBOL_EXTENSIONS = YES;
				CLANG_ANALYZER_NONNULL = YES;
				CLANG_ANALYZER_NUMBER_OBJECT_CONVERSION = YES_AGGRESSIVE;
				CLANG_CXX_LANGUAGE_STANDARD = "gnu++20";
				CLANG_ENABLE_MODULES = YES;
				CLANG_ENABLE_OBJC_ARC = YES;
				CLANG_ENABLE_OBJC_WEAK = YES;
				CLANG_WARN_BLOCK_CAPTURE_AUTORELEASING = YES;
				CLANG_WARN_BOOL_CONVERSION = YES;
				CLANG_WARN_COMMA = YES;
				CLANG_WARN_CONSTANT_CONVERSION = YES;
				CLANG_WARN_DEPRECATED_OBJC_IMPLEMENTATIONS = YES;
				CLANG_WARN_DIRECT_OBJC_ISA_USAGE = YES_ERROR;
				CLANG_WARN_DOCUMENTATION_COMMENTS = YES;
				CLANG_WARN_EMPTY_BODY = YES;
				CLANG_WARN_ENUM_CONVERSION = YES;
				CLANG_WARN_INFINITE_RECURSION = YES;
				CLANG_WARN_INT_CONVERSION = YES;
				CLANG_WARN_NON_LITERAL_NULL_CONVERSION = YES;
				CLANG_WARN_OBJC_IMPLICIT_RETAIN_SELF = YES;
				CLANG_WARN_OBJC_LITERAL_CONVERSION = YES;
				CLANG_WARN_OBJC_ROOT_CLASS = YES_ERROR;
				CLANG_WARN_QUOTED_INCLUDE_IN_FRAMEWORK_HEADER = YES;
				CLANG_WARN_RANGE_LOOP_ANALYSIS = YES;
				CLANG_WARN_STRICT_PROTOTYPES = YES;
				CLANG_WARN_SUSPICIOUS_MOVE = YES;
				CLANG_WARN_UNGUARDED_AVAILABILITY = YES_AGGRESSIVE;
				CLANG_WARN_UNREACHABLE_CODE = YES;
				CLANG_WARN__DUPLICATE_METHOD_MATCH = YES;
				COPY_PHASE_STRIP = NO;
				DEBUG_INFORMATION_FORMAT = dwarf;
				ENABLE_STRICT_OBJC_MSGSEND = YES;
				ENABLE_TESTABILITY = YES;
				ENABLE_USER_SCRIPT_SANDBOXING = YES;
				GCC_C_LANGUAGE_STANDARD = gnu17;
				GCC_DYNAMIC_NO_PIC = NO;
				GCC_NO_COMMON_BLOCKS = YES;
				GCC_OPTIMIZATION_LEVEL = 0;
				GCC_PREPROCESSOR_DEFINITIONS = (
					"DEBUG=1",
					"$(inherited)",
				);
				GCC_WARN_64_TO_32_BIT_CONVERSION = YES;
				GCC_WARN_ABOUT_RETURN_TYPE = YES_ERROR;
				GCC_WARN_UNDECLARED_SELECTOR = YES;
				GCC_WARN_UNINITIALIZED_AUTOS = YES_AGGRESSIVE;
				GCC_WARN_UNUSED_FUNCTION = YES;
				GCC_WARN_UNUSED_VARIABLE = YES;
				IPHONEOS_DEPLOYMENT_TARGET = 17.0;
				LOCALIZATION_PREFERS_STRING_CATALOGS = YES;
				MTL_ENABLE_DEBUG_INFO = INCLUDE_SOURCE;
				MTL_FAST_MATH = YES;
				ONLY_ACTIVE_ARCH = YES;
				SDKROOT = iphoneos;
				SWIFT_ACTIVE_COMPILATION_CONDITIONS = "DEBUG $(inherited)";
				SWIFT_OPTIMIZATION_LEVEL = "-Onone";
			};
			name = Debug;
		};
		1669781D2AD95C5400A6E428 /* Release */ = {
			isa = XCBuildConfiguration;
			buildSettings = {
				ALWAYS_SEARCH_USER_PATHS = NO;
				ASSETCATALOG_COMPILER_GENERATE_SWIFT_ASSET_SYMBOL_EXTENSIONS = YES;
				CLANG_ANALYZER_NONNULL = YES;
				CLANG_ANALYZER_NUMBER_OBJECT_CONVERSION = YES_AGGRESSIVE;
				CLANG_CXX_LANGUAGE_STANDARD = "gnu++20";
				CLANG_ENABLE_MODULES = YES;
				CLANG_ENABLE_OBJC_ARC = YES;
				CLANG_ENABLE_OBJC_WEAK = YES;
				CLANG_WARN_BLOCK_CAPTURE_AUTORELEASING = YES;
				CLANG_WARN_BOOL_CONVERSION = YES;
				CLANG_WARN_COMMA = YES;
				CLANG_WARN_CONSTANT_CONVERSION = YES;
				CLANG_WARN_DEPRECATED_OBJC_IMPLEMENTATIONS = YES;
				CLANG_WARN_DIRECT_OBJC_ISA_USAGE = YES_ERROR;
				CLANG_WARN_DOCUMENTATION_COMMENTS = YES;
				CLANG_WARN_EMPTY_BODY = YES;
				CLANG_WARN_ENUM_CONVERSION = YES;
				CLANG_WARN_INFINITE_RECURSION = YES;
				CLANG_WARN_INT_CONVERSION = YES;
				CLANG_WARN_NON_LITERAL_NULL_CONVERSION = YES;
				CLANG_WARN_OBJC_IMPLICIT_RETAIN_SELF = YES;
				CLANG_WARN_OBJC_LITERAL_CONVERSION = YES;
				CLANG_WARN_OBJC_ROOT_CLASS = YES_ERROR;
				CLANG_WARN_QUOTED_INCLUDE_IN_FRAMEWORK_HEADER = YES;
				CLANG_WARN_RANGE_LOOP_ANALYSIS = YES;
				CLANG_WARN_STRICT_PROTOTYPES = YES;
				CLANG_WARN_SUSPICIOUS_MOVE = YES;
				CLANG_WARN_UNGUARDED_AVAILABILITY = YES_AGGRESSIVE;
				CLANG_WARN_UNREACHABLE_CODE = YES;
				CLANG_WARN__DUPLICATE_METHOD_MATCH = YES;
				COPY_PHASE_STRIP = NO;
				DEBUG_INFORMATION_FORMAT = "dwarf-with-dsym";
				ENABLE_NS_ASSERTIONS = NO;
				ENABLE_STRICT_OBJC_MSGSEND = YES;
				ENABLE_USER_SCRIPT_SANDBOXING = YES;
				GCC_C_LANGUAGE_STANDARD = gnu17;
				GCC_NO_COMMON_BLOCKS = YES;
				GCC_WARN_64_TO_32_BIT_CONVERSION = YES;
				GCC_WARN_ABOUT_RETURN_TYPE = YES_ERROR;
				GCC_WARN_UNDECLARED_SELECTOR = YES;
				GCC_WARN_UNINITIALIZED_AUTOS = YES_AGGRESSIVE;
				GCC_WARN_UNUSED_FUNCTION = YES;
				GCC_WARN_UNUSED_VARIABLE = YES;
				IPHONEOS_DEPLOYMENT_TARGET = 17.0;
				LOCALIZATION_PREFERS_STRING_CATALOGS = YES;
				MTL_ENABLE_DEBUG_INFO = NO;
				MTL_FAST_MATH = YES;
				SDKROOT = iphoneos;
				SWIFT_COMPILATION_MODE = wholemodule;
				VALIDATE_PRODUCT = YES;
			};
			name = Release;
		};
		1669781F2AD95C5400A6E428 /* Debug */ = {
			isa = XCBuildConfiguration;
			buildSettings = {
				ASSETCATALOG_COMPILER_APPICON_NAME = AppIcon;
				ASSETCATALOG_COMPILER_GLOBAL_ACCENT_COLOR_NAME = AccentColor;
				CODE_SIGN_STYLE = Automatic;
				CURRENT_PROJECT_VERSION = 1;
				DEVELOPMENT_ASSET_PATHS = "\"Pokedex/Preview Content\"";
				DEVELOPMENT_TEAM = JB3BDGC96R;
				ENABLE_PREVIEWS = YES;
				GENERATE_INFOPLIST_FILE = YES;
				INFOPLIST_KEY_UIApplicationSceneManifest_Generation = YES;
				INFOPLIST_KEY_UIApplicationSupportsIndirectInputEvents = YES;
				INFOPLIST_KEY_UILaunchScreen_Generation = YES;
				INFOPLIST_KEY_UISupportedInterfaceOrientations_iPad = "UIInterfaceOrientationPortrait UIInterfaceOrientationPortraitUpsideDown UIInterfaceOrientationLandscapeLeft UIInterfaceOrientationLandscapeRight";
				INFOPLIST_KEY_UISupportedInterfaceOrientations_iPhone = "UIInterfaceOrientationPortrait UIInterfaceOrientationLandscapeLeft UIInterfaceOrientationLandscapeRight";
				LD_RUNPATH_SEARCH_PATHS = (
					"$(inherited)",
					"@executable_path/Frameworks",
				);
				MARKETING_VERSION = 1.0;
				PRODUCT_BUNDLE_IDENTIFIER = nl.aldera.lisa;
				PRODUCT_NAME = "$(TARGET_NAME)";
				SWIFT_EMIT_LOC_STRINGS = YES;
				SWIFT_VERSION = 5.0;
				TARGETED_DEVICE_FAMILY = "1,2";
			};
			name = Debug;
		};
		166978202AD95C5400A6E428 /* Release */ = {
			isa = XCBuildConfiguration;
			buildSettings = {
				ASSETCATALOG_COMPILER_APPICON_NAME = AppIcon;
				ASSETCATALOG_COMPILER_GLOBAL_ACCENT_COLOR_NAME = AccentColor;
				CODE_SIGN_STYLE = Automatic;
				CURRENT_PROJECT_VERSION = 1;
				DEVELOPMENT_ASSET_PATHS = "\"Pokedex/Preview Content\"";
				DEVELOPMENT_TEAM = JB3BDGC96R;
				ENABLE_PREVIEWS = YES;
				GENERATE_INFOPLIST_FILE = YES;
				INFOPLIST_KEY_UIApplicationSceneManifest_Generation = YES;
				INFOPLIST_KEY_UIApplicationSupportsIndirectInputEvents = YES;
				INFOPLIST_KEY_UILaunchScreen_Generation = YES;
				INFOPLIST_KEY_UISupportedInterfaceOrientations_iPad = "UIInterfaceOrientationPortrait UIInterfaceOrientationPortraitUpsideDown UIInterfaceOrientationLandscapeLeft UIInterfaceOrientationLandscapeRight";
				INFOPLIST_KEY_UISupportedInterfaceOrientations_iPhone = "UIInterfaceOrientationPortrait UIInterfaceOrientationLandscapeLeft UIInterfaceOrientationLandscapeRight";
				LD_RUNPATH_SEARCH_PATHS = (
					"$(inherited)",
					"@executable_path/Frameworks",
				);
				MARKETING_VERSION = 1.0;
				PRODUCT_BUNDLE_IDENTIFIER = nl.aldera.lisa;
				PRODUCT_NAME = "$(TARGET_NAME)";
				SWIFT_EMIT_LOC_STRINGS = YES;
				SWIFT_VERSION = 5.0;
				TARGETED_DEVICE_FAMILY = "1,2";
			};
			name = Release;
		};
/* End XCBuildConfiguration section */

/* Begin XCConfigurationList section */
		1669780B2AD95C5200A6E428 /* Build configuration list for PBXProject "PokedexApp721447" */ = {
			isa = XCConfigurationList;
			buildConfigurations = (
				1669781C2AD95C5400A6E428 /* Debug */,
				1669781D2AD95C5400A6E428 /* Release */,
			);
			defaultConfigurationIsVisible = 0;
			defaultConfigurationName = Release;
		};
		1669781E2AD95C5400A6E428 /* Build configuration list for PBXNativeTarget "PokedexApp721447" */ = {
			isa = XCConfigurationList;
			buildConfigurations = (
				1669781F2AD95C5400A6E428 /* Debug */,
				166978202AD95C5400A6E428 /* Release */,
			);
			defaultConfigurationIsVisible = 0;
			defaultConfigurationName = Release;
		};
/* End XCConfigurationList section */
	};
	rootObject = 166978082AD95C5200A6E428 /* Project object */;
}
